{
  "lockfileVersion": 1,
  "configVersion": 1,
  "workspaces": {
    "": {
      "name": "opentui-motion-showcase",
      "dependencies": {
        "@opentui/core": "0.4.5",
        "opentui-motion": "file:.packages/opentui-motion-0.1.0.tgz",
      },
      "devDependencies": {
        "@types/bun": "latest",
        "oxfmt": "0.41.0",
        "typescript": "^5.9.2",
      },
    },
  },
  "packages": {
    "@opentui/core": ["@opentui/core@0.4.5", "", { "dependencies": { "bun-ffi-structs": "0.2.4", "diff": "9.0.0", "marked": "17.0.1", "string-width": "7.2.0", "strip-ansi": "7.1.2" }, "optionalDependencies": { "@opentui/core-darwin-arm64": "0.4.5", "@opentui/core-darwin-x64": "0.4.5", "@opentui/core-linux-arm64": "0.4.5", "@opentui/core-linux-arm64-musl": "0.4.5", "@opentui/core-linux-x64": "0.4.5", "@opentui/core-linux-x64-musl": "0.4.5", "@opentui/core-win32-arm64": "0.4.5", "@opentui/core-win32-x64": "0.4.5" }, "peerDependencies": { "web-tree-sitter": "0.25.10" } }, "sha512-JsgRTPkA6e+Vxmumxai6SElOSlRQkbzNKHlCfemlArRiLhfC1IZ9RXJo2QH4xSu+uBOWAM90uss73/pPlkdEig=="],

    "@opentui/core-darwin-arm64": ["@opentui/core-darwin-arm64@0.4.5", "", { "os": "darwin", "cpu": "arm64" }, "sha512-8KUG0oRidnR+oW1RSZJ72/PhZLl+qRRMk5U/mieF4c0SJ5V3tYACpBZAKzQfHNd1f7QzD8FHZct1lPpQgtmkWg=="],

    "@opentui/core-darwin-x64": ["@opentui/core-darwin-x64@0.4.5", "", { "os": "darwin", "cpu": "x64" }, "sha512-R2bocsg55gwjOqCp/MWFgFYzRmsduKegB6nzgFAPCvAD/L5Jf30xpWJWFlSg3x8vxe1L9WJ84dfqa4M7mZZ3wA=="],

    "@opentui/core-linux-arm64": ["@opentui/core-linux-arm64@0.4.5", "", { "os": "linux", "cpu": "arm64" }, "sha512-R4MZ25a4CzOAGVjW9aj1hUfzQGVfCJwrwBDbNs2SXaIvzcZqkxCVtU4FoQ5LsaD0j/BdNQVg2CIfFkFsm1fDuQ=="],

    "@opentui/core-linux-arm64-musl": ["@opentui/core-linux-arm64-musl@0.4.5", "", { "os": "linux", "cpu": "arm64" }, "sha512-ieqdyKI6EIYPalYAETB2wsdP83hr5Ifi+dFnBFUmdEEFHsoKwBmn2S7bsTOYlX7Bg03F4/YPIg+IvRpeC+cUJw=="],

    "@opentui/core-linux-x64": ["@opentui/core-linux-x64@0.4.5", "", { "os": "linux", "cpu": "x64" }, "sha512-SNyuQoxMKI1vuJhgxSSW96adWM6LqFl2SoS3GM4tGeneGOanVVG2Y06PvlytXvF4cKik97t0rqkVMRetmOs93w=="],

    "@opentui/core-linux-x64-musl": ["@opentui/core-linux-x64-musl@0.4.5", "", { "os": "linux", "cpu": "x64" }, "sha512-mKVKcIcPiSVVZZsdPSBoWwoa2/TCeQAaMDeHF7PFw2kt5bTXZPP7xxWfRQLCNIcA1eaGl59UuwUWHDR2Ve548Q=="],

    "@opentui/core-win32-arm64": ["@opentui/core-win32-arm64@0.4.5", "", { "os": "win32", "cpu": "arm64" }, "sha512-GHTTsqeR45q2Iek9Rb7ty+x/hAKn2jZ1ujlCgPR8LBKyF7h0E1dNFryoZ7ehMc3kJndP1sKn836IemKFqxuDdQ=="],

    "@opentui/core-win32-x64": ["@opentui/core-win32-x64@0.4.5", "", { "os": "win32", "cpu": "x64" }, "sha512-Y8T/yXCDGagRGiQrtmuB6AhRcPucKFs/Dre3v8kJwNYqDccI4FzUPKclZ7djfmRZNjl7JUqPhZZP/PwDpQocMg=="],

    "@oxfmt/binding-android-arm-eabi": ["@oxfmt/binding-android-arm-eabi@0.41.0", "", { "os": "android", "cpu": "arm" }, "sha512-REfrqeMKGkfMP+m/ScX4f5jJBSmVNYcpoDF8vP8f8eYPDuPGZmzp56NIUsYmx3h7f6NzC6cE3gqh8GDWrJHCKw=="],

    "@oxfmt/binding-android-arm64": ["@oxfmt/binding-android-arm64@0.41.0", "", { "os": "android", "cpu": "arm64" }, "sha512-s0b1dxNgb2KomspFV2LfogC2XtSJB42POXF4bMCLJyvQmAGos4ZtjGPfQreToQEaY0FQFjz3030ggI36rF1q5g=="],

    "@oxfmt/binding-darwin-arm64": ["@oxfmt/binding-darwin-arm64@0.41.0", "", { "os": "darwin", "cpu": "arm64" }, "sha512-EGXGualADbv/ZmamE7/2DbsrYmjoPlAmHEpTL4vapLF4EfVD6fr8/uQDFnPJkUBjiSWFJZtFNsGeN1B6V3owmA=="],

    "@oxfmt/binding-darwin-x64": ["@oxfmt/binding-darwin-x64@0.41.0", "", { "os": "darwin", "cpu": "x64" }, "sha512-WxySJEvdQQYMmyvISH3qDpTvoS0ebnIP63IMxLLWowJyPp/AAH0hdWtlo+iGNK5y3eVfa5jZguwNaQkDKWpGSw=="],

    "@oxfmt/binding-freebsd-x64": ["@oxfmt/binding-freebsd-x64@0.41.0", "", { "os": "freebsd", "cpu": "x64" }, "sha512-Y2kzMkv3U3oyuYaR4wTfGjOTYTXiFC/hXmG0yVASKkbh02BJkvD98Ij8bIevr45hNZ0DmZEgqiXF+9buD4yMYQ=="],

    "@oxfmt/binding-linux-arm-gnueabihf": ["@oxfmt/binding-linux-arm-gnueabihf@0.41.0", "", { "os": "linux", "cpu": "arm" }, "sha512-ptazDjdUyhket01IjPTT6ULS1KFuBfTUU97osTP96X5y/0oso+AgAaJzuH81oP0+XXyrWIHbRzozSAuQm4p48g=="],

    "@oxfmt/binding-linux-arm-musleabihf": ["@oxfmt/binding-linux-arm-musleabihf@0.41.0", "", { "os": "linux", "cpu": "arm" }, "sha512-UkoL2OKxFD+56bPEBcdGn+4juTW4HRv/T6w1dIDLnvKKWr6DbarB/mtHXlADKlFiJubJz8pRkttOR7qjYR6lTA=="],

    "@oxfmt/binding-linux-arm64-gnu": ["@oxfmt/binding-linux-arm64-gnu@0.41.0", "", { "os": "linux", "cpu": "arm64" }, "sha512-gofu0PuumSOHYczD8p62CPY4UF6ee+rSLZJdUXkpwxg6pILiwSDBIouPskjF/5nF3A7QZTz2O9KFNkNxxFN9tA=="],

    "@oxfmt/binding-linux-arm64-musl": ["@oxfmt/binding-linux-arm64-musl@0.41.0", "", { "os": "linux", "cpu": "arm64" }, "sha512-VfVZxL0+6RU86T8F8vKiDBa+iHsr8PAjQmKGBzSCAX70b6x+UOMFl+2dNihmKmUwqkCazCPfYjt6SuAPOeQJ3g=="],

    "@oxfmt/binding-linux-ppc64-gnu": ["@oxfmt/binding-linux-ppc64-gnu@0.41.0", "", { "os": "linux", "cpu": "ppc64" }, "sha512-bwzokz2eGvdfJbc0i+zXMJ4BBjQPqg13jyWpEEZDOrBCQ91r8KeY2Mi2kUeuMTZNFXju+jcAbAbpyJxRGla0eg=="],

    "@oxfmt/binding-linux-riscv64-gnu": ["@oxfmt/binding-linux-riscv64-gnu@0.41.0", "", { "os": "linux", "cpu": "none" }, "sha512-POLM//PCH9uqDeNDwWL3b3DkMmI3oI2cU6hwc2lnztD1o7dzrQs3R9nq555BZ6wI7t2lyhT9CS+CRaz5X0XqLA=="],

    "@oxfmt/binding-linux-riscv64-musl": ["@oxfmt/binding-linux-riscv64-musl@0.41.0", "", { "os": "linux", "cpu": "none" }, "sha512-NNK7PzhFqLUwx/G12Xtm6scGv7UITvyGdAR5Y+TlqsG+essnuRWR4jRNODWRjzLZod0T3SayRbnkSIWMBov33w=="],

    "@oxfmt/binding-linux-s390x-gnu": ["@oxfmt/binding-linux-s390x-gnu@0.41.0", "", { "os": "linux", "cpu": "s390x" }, "sha512-qVf/zDC5cN9eKe4qI/O/m445er1IRl6swsSl7jHkqmOSVfknwCe5JXitYjZca+V/cNJSU/xPlC5EFMabMMFDpw=="],

    "@oxfmt/binding-linux-x64-gnu": ["@oxfmt/binding-linux-x64-gnu@0.41.0", "", { "os": "linux", "cpu": "x64" }, "sha512-ojxYWu7vUb6ysYqVCPHuAPVZHAI40gfZ0PDtZAMwVmh2f0V8ExpPIKoAKr7/8sNbAXJBBpZhs2coypIo2jJX4w=="],

    "@oxfmt/binding-linux-x64-musl": ["@oxfmt/binding-linux-x64-musl@0.41.0", "", { "os": "linux", "cpu": "x64" }, "sha512-O2exZLBxoCMIv2vlvcbkdedazJPTdG0VSup+0QUCfYQtx751zCZNboX2ZUOiQ/gDTdhtXvSiot0h6GEGkOyalA=="],

    "@oxfmt/binding-openharmony-arm64": ["@oxfmt/binding-openharmony-arm64@0.41.0", "", { "os": "none", "cpu": "arm64" }, "sha512-N+31/VoL+z+NNBt8viy3I4NaIdPbiYeOnB884LKqvXldaE2dRztdPv3q5ipfZYv0RwFp7JfqS4I27K/DSHCakg=="],

    "@oxfmt/binding-win32-arm64-msvc": ["@oxfmt/binding-win32-arm64-msvc@0.41.0", "", { "os": "win32", "cpu": "arm64" }, "sha512-Z7NAtu/RN8kjCQ1y5oDD0nTAeRswh3GJ93qwcW51srmidP7XPBmZbLlwERu1W5veCevQJtPS9xmkpcDTYsGIwQ=="],

    "@oxfmt/binding-win32-ia32-msvc": ["@oxfmt/binding-win32-ia32-msvc@0.41.0", "", { "os": "win32", "cpu": "ia32" }, "sha512-uNxxP3l4bJ6VyzIeRqCmBU2Q0SkCFgIhvx9/9dJ9V8t/v+jP1IBsuaLwCXGR8JPHtkj4tFp+RHtUmU2ZYAUpMA=="],

    "@oxfmt/binding-win32-x64-msvc": ["@oxfmt/binding-win32-x64-msvc@0.41.0", "", { "os": "win32", "cpu": "x64" }, "sha512-49ZSpbZ1noozyPapE8SUOSm3IN0Ze4b5nkO+4+7fq6oEYQQJFhE0saj5k/Gg4oewVPdjn0L3ZFeWk2Vehjcw7A=="],

    "@types/bun": ["@types/bun@1.3.14", "", { "dependencies": { "bun-types": "1.3.14" } }, "sha512-h1hFqFVcvAvD9j9K7ZW7vd82aSA+rTdznZa+5bwvCwqSB1jmmfLcbIWhOLx1/+boy/xmjgCs/OMUL8hRJSmnPw=="],

    "@types/node": ["@types/node@26.1.2", "", { "dependencies": { "undici-types": "~8.3.0" } }, "sha512-Vu4a5UFA9rIIFJ7rB/Vaafh9lrCQszopTCx6KjFboXTGQbPNasehVR5TEiithSDGyd1DEiUByggTZsg8jukeIg=="],

    "ansi-regex": ["ansi-regex@6.2.2", "", {}, "sha512-Bq3SmSpyFHaWjPk8If9yc6svM8c56dB5BAtW4Qbw5jHTwwXXcTLoRMkpDJp6VL0XzlWaCHTXrkFURMYmD0sLqg=="],

    "bun-ffi-structs": ["bun-ffi-structs@0.2.4", "", { "peerDependencies": { "typescript": "^5" } }, "sha512-AJzsqoVFs1KBbJbWHIYrVZLDC3NhTqqh25awRXqzoLzmBAKr5oqk6+CwuYHAekKx+VBCYVohBoKuRq40dV+TYg=="],

    "bun-types": ["bun-types@1.3.14", "", { "dependencies": { "@types/node": "*" } }, "sha512-4N0ig0fEomHt5R0KCFWjovxow98rIoRwKolrYdCcknNwMekCXRnWEUvgu5soYV8QXtVsrUD8B95MBOZGPvr6KQ=="],

    "diff": ["diff@9.0.0", "", {}, "sha512-svtcdpS8CgJyqAjEQIXdb3OjhFVVYjzGAPO8WGCmRbrml64SPw/jJD4GoE98aR7r25A0XcgrK3F02yw9R/vhQw=="],

    "emoji-regex": ["emoji-regex@10.6.0", "", {}, "sha512-toUI84YS5YmxW219erniWD0CIVOo46xGKColeNQRgOzDorgBi1v4D71/OFzgD9GO2UGKIv1C3Sp8DAn0+j5w7A=="],

    "get-east-asian-width": ["get-east-asian-width@1.6.0", "", {}, "sha512-QRbvDIbx6YklUe6RxeTeleMR0yv3cYH6PsPZHcnVn7xv7zO1BHN8r0XETu8n6Ye3Q+ahtSarc3WgtNWmehIBfA=="],

    "marked": ["marked@17.0.1", "", { "bin": { "marked": "bin/marked.js" } }, "sha512-boeBdiS0ghpWcSwoNm/jJBwdpFaMnZWRzjA6SkUMYb40SVaN1x7mmfGKp0jvexGcx+7y2La5zRZsYFZI6Qpypg=="],

    "opentui-motion": ["opentui-motion@.packages/opentui-motion-0.1.0.tgz", { "peerDependencies": { "@opentui/core": ">=0.4.5", "@opentui/react": ">=0.4.5", "@opentui/solid": ">=0.4.5" }, "optionalPeers": ["@opentui/react", "@opentui/solid"] }, "sha512-8+g6qiiSlO0Iay84vO4jjFlHpMmUexcPkL90JXroTTt5sVAVH1FLbY+Uielabity7WJLqx4lWQUFfCnbhVpkxA=="],

    "oxfmt": ["oxfmt@0.41.0", "", { "dependencies": { "tinypool": "2.1.0" }, "optionalDependencies": { "@oxfmt/binding-android-arm-eabi": "0.41.0", "@oxfmt/binding-android-arm64": "0.41.0", "@oxfmt/binding-darwin-arm64": "0.41.0", "@oxfmt/binding-darwin-x64": "0.41.0", "@oxfmt/binding-freebsd-x64": "0.41.0", "@oxfmt/binding-linux-arm-gnueabihf": "0.41.0", "@oxfmt/binding-linux-arm-musleabihf": "0.41.0", "@oxfmt/binding-linux-arm64-gnu": "0.41.0", "@oxfmt/binding-linux-arm64-musl": "0.41.0", "@oxfmt/binding-linux-ppc64-gnu": "0.41.0", "@oxfmt/binding-linux-riscv64-gnu": "0.41.0", "@oxfmt/binding-linux-riscv64-musl": "0.41.0", "@oxfmt/binding-linux-s390x-gnu": "0.41.0", "@oxfmt/binding-linux-x64-gnu": "0.41.0", "@oxfmt/binding-linux-x64-musl": "0.41.0", "@oxfmt/binding-openharmony-arm64": "0.41.0", "@oxfmt/binding-win32-arm64-msvc": "0.41.0", "@oxfmt/binding-win32-ia32-msvc": "0.41.0", "@oxfmt/binding-win32-x64-msvc": "0.41.0" }, "bin": { "oxfmt": "bin/oxfmt" } }, "sha512-sKLdJZdQ3bw6x9qKiT7+eID4MNEXlDHf5ZacfIircrq6Qwjk0L6t2/JQlZZrVHTXJawK3KaMuBoJnEJPcqCEdg=="],

    "string-width": ["string-width@7.2.0", "", { "dependencies": { "emoji-regex": "^10.3.0", "get-east-asian-width": "^1.0.0", "strip-ansi": "^7.1.0" } }, "sha512-tsaTIkKW9b4N+AEj+SVA+WhJzV7/zMhcSu78mLKWSk7cXMOSHsBKFWUs0fWwq8QyK3MgJBQRX6Gbi4kYbdvGkQ=="],

    "strip-ansi": ["strip-ansi@7.1.2", "", { "dependencies": { "ansi-regex": "^6.0.1" } }, "sha512-gmBGslpoQJtgnMAvOVqGZpEz9dyoKTCzy2nfz/n8aIFhN/jCE/rCmcxabB6jOOHV+0WNnylOxaxBQPSvcWklhA=="],

    "tinypool": ["tinypool@2.1.0", "", {}, "sha512-Pugqs6M0m7Lv1I7FtxN4aoyToKg1C4tu+/381vH35y8oENM/Ai7f7C4StcoK4/+BSw9ebcS8jRiVrORFKCALLw=="],

    "typescript": ["typescript@5.9.3", "", { "bin": { "tsc": "bin/tsc", "tsserver": "bin/tsserver" } }, "sha512-jl1vZzPDinLr9eUt3J/t7V6FgNEw9QjvBPdysz9KfQDD41fQrC2Y4vKQdiaUpFT4bXlb1RHhLpp8wtm6M5TgSw=="],

    "undici-types": ["undici-types@8.3.0", "", {}, "sha512-j375ScV60dom+YkPFIfTLcOiPxkN/buHz5GobjLhixFuANaNs3C9l4GmrWqejgXWJ7BbJcFYpTEUkS1Ge8bpZQ=="],

    "web-tree-sitter": ["web-tree-sitter@0.25.10", "", { "peerDependencies": { "@types/emscripten": "^1.40.0" }, "optionalPeers": ["@types/emscripten"] }, "sha512-Y09sF44/13XvgVKgO2cNDw5rGk6s26MgoZPXLESvMXeefBf7i6/73eFurre0IsTW6E14Y0ArIzhUMmjoc7xyzA=="],
  }
}
